// !$*UTF8*$!
{
	archiveVersion = 1;
	classes = {
	};
	objectVersion = 50;
	objects = {

/* Begin PBXBuildFile section */
		9528A16B25D03DA500B51649 /* DetailTabView.swift in Sources */ = {isa = PBXBuildFile; fileRef = 9528A16A25D03DA500B51649 /* DetailTabView.swift */; };
		9552406425CA9AB100EA1011 /* BLEScannerList.swift in Sources */ = {isa = PBXBuildFile; fileRef = 9552406225CA9AB100EA1011 /* BLEScannerList.swift */; };
		9552406625CA9AB100EA1011 /* ContentView.swift in Sources */ = {isa = PBXBuildFile; fileRef = 9552406325CA9AB100EA1011 /* ContentView.swift */; };
		9552406725CA9AB100EA1011 /* BLEScanner.swift in Sources */ = {isa = PBXBuildFile; fileRef = 9552406025CA9AB000EA1011 /* BLEScanner.swift */; };
		9552406A25CA9AB600EA1011 /* PeripheralRow.swift in Sources */ = {isa = PBXBuildFile; fileRef = 9552406925CA9AB600EA1011 /* PeripheralRow.swift */; };
		9552407625CC54B100EA1011 /* PeripheralDetail.swift in Sources */ = {isa = PBXBuildFile; fileRef = 9552407525CC54B100EA1011 /* PeripheralDetail.swift */; };
		95B368B525BF2F6D0026EC88 /* ble_domeApp.swift in Sources */ = {isa = PBXBuildFile; fileRef = 95B368B425BF2F6D0026EC88 /* ble_domeApp.swift */; };
		95B368B925BF2F700026EC88 /* Assets.xcassets in Resources */ = {isa = PBXBuildFile; fileRef = 95B368B825BF2F700026EC88 /* Assets.xcassets */; };
		95B368BC25BF2F700026EC88 /* Preview Assets.xcassets in Resources */ = {isa = PBXBuildFile; fileRef = 95B368BB25BF2F700026EC88 /* Preview Assets.xcassets */; };
/* End PBXBuildFile section */

/* Begin PBXFileReference section */
		9528A16A25D03DA500B51649 /* DetailTabView.swift */ = {isa = PBXFileReference; lastKnownFileType = sourcecode.swift; path = DetailTabView.swift; sourceTree = "<group>"; };
		9552406025CA9AB000EA1011 /* BLEScanner.swift */ = {isa = PBXFileReference; lastKnownFileType = sourcecode.swift; path = BLEScanner.swift; sourceTree = "<group>"; };
		9552406225CA9AB100EA1011 /* BLEScannerList.swift */ = {isa = PBXFileReference; lastKnownFileType = sourcecode.swift; path = BLEScannerList.swift; sourceTree = "<group>"; };
		9552406325CA9AB100EA1011 /* ContentView.swift */ = {isa = PBXFileReference; lastKnownFileType = sourcecode.swift; path = ContentView.swift; sourceTree = "<group>"; };
		9552406925CA9AB600EA1011 /* PeripheralRow.swift */ = {isa = PBXFileReference; lastKnownFileType = sourcecode.swift; path = PeripheralRow.swift; sourceTree = "<group>"; };
		9552407525CC54B100EA1011 /* PeripheralDetail.swift */ = {isa = PBXFileReference; lastKnownFileType = sourcecode.swift; path = PeripheralDetail.swift; sourceTree = "<group>"; };
		95B368B125BF2F6D0026EC88 /* ble dome.app */ = {isa = PBXFileReference; explicitFileType = wrapper.application; includeInIndex = 0; path = "ble dome.app"; sourceTree = BUILT_PRODUCTS_DIR; };
		95B368B425BF2F6D0026EC88 /* ble_domeApp.swift */ = {isa = PBXFileReference; lastKnownFileType = sourcecode.swift; path = ble_domeApp.swift; sourceTree = "<group>"; };
		95B368B825BF2F700026EC88 /* Assets.xcassets */ = {isa = PBXFileReference; lastKnownFileType = folder.assetcatalog; path = Assets.xcassets; sourceTree = "<group>"; };
		95B368BB25BF2F700026EC88 /* Preview Assets.xcassets */ = {isa = PBXFileReference; lastKnownFileType = folder.assetcatalog; path = "Preview Assets.xcassets"; sourceTree = "<group>"; };
		95B368BD25BF2F700026EC88 /* Info.plist */ = {isa = PBXFileReference; lastKnownFileType = text.plist.xml; path = Info.plist; sourceTree = "<group>"; };
/* End PBXFileReference section */

/* Begin PBXFrameworksBuildPhase section */
		95B368AE25BF2F6D0026EC88 /* Frameworks */ = {
			isa = PBXFrameworksBuildPhase;
			buildActionMask = 2147483647;
			files = (
			);
			runOnlyForDeploymentPostprocessing = 0;
		};
/* End PBXFrameworksBuildPhase section */

/* Begin PBXGroup section */
		9552407025CAC66800EA1011 /* View */ = {
			isa = PBXGroup;
			children = (
				9552407125CAC67400EA1011 /* BLE */,
				9552406325CA9AB100EA1011 /* ContentView.swift */,
			);
			path = View;
			sourceTree = "<group>";
		};
		9552407125CAC67400EA1011 /* BLE */ = {
			isa = PBXGroup;
			children = (
				9552406025CA9AB000EA1011 /* BLEScanner.swift */,
				9552406225CA9AB100EA1011 /* BLEScannerList.swift */,
				9552406925CA9AB600EA1011 /* PeripheralRow.swift */,
				9552407525CC54B100EA1011 /* PeripheralDetail.swift */,
				9528A16A25D03DA500B51649 /* DetailTabView.swift */,
			);
			path = BLE;
			sourceTree = "<group>";
		};
		95B368A825BF2F6D0026EC88 = {
			isa = PBXGroup;
			children = (
				95B368B325BF2F6D0026EC88 /* ble dome */,
				95B368B225BF2F6D0026EC88 /* Products */,
			);
			sourceTree = "<group>";
		};
		95B368B225BF2F6D0026EC88 /* Products */ = {
			isa = PBXGroup;
			children = (
				95B368B125BF2F6D0026EC88 /* ble dome.app */,
			);
			name = Products;
			sourceTree = "<group>";
		};
		95B368B325BF2F6D0026EC88 /* ble dome */ = {
			isa = PBXGroup;
			children = (
				95B368B425BF2F6D0026EC88 /* ble_domeApp.swift */,
				9552407025CAC66800EA1011 /* View */,
				95B368B825BF2F700026EC88 /* Assets.xcassets */,
				95B368BD25BF2F700026EC88 /* Info.plist */,
				95B368BA25BF2F700026EC88 /* Preview Content */,
			);
			path = "ble dome";
			sourceTree = "<group>";
		};
		95B368BA25BF2F700026EC88 /* Preview Content */ = {
			isa = PBXGroup;
			children = (
				95B368BB25BF2F700026EC88 /* Preview Assets.xcassets */,
			);
			path = "Preview Content";
			sourceTree = "<group>";
		};
/* End PBXGroup section */

/* Begin PBXNativeTarget section */
		95B368B025BF2F6D0026EC88 /* ble dome */ = {
			isa = PBXNativeTarget;
			buildConfigurationList = 95B368C025BF2F700026EC88 /* Build configuration list for PBXNativeTarget "ble dome" */;
			buildPhases = (
				95B368AD25BF2F6D0026EC88 /* Sources */,
				95B368AE25BF2F6D0026EC88 /* Frameworks */,
				95B368AF25BF2F6D0026EC88 /* Resources */,
			);
			buildRules = (
			);
			dependencies = (
			);
			name = "ble dome";
			productName = "ble dome";
			productReference = 95B368B125BF2F6D0026EC88 /* ble dome.app */;
			productType = "com.apple.product-type.application";
		};
/* End PBXNativeTarget section */

/* Begin PBXProject section */
		95B368A925BF2F6D0026EC88 /* Project object */ = {
			isa = PBXProject;
			attributes = {
				LastSwiftUpdateCheck = 1230;
				LastUpgradeCheck = 1230;
				TargetAttributes = {
					95B368B025BF2F6D0026EC88 = {
						CreatedOnToolsVersion = 12.3;
					};
				};
			};
			buildConfigurationList = 95B368AC25BF2F6D0026EC88 /* Build configuration list for PBXProject "ble dome" */;
			compatibilityVersion = "Xcode 9.3";
			developmentRegion = en;
			hasScannedForEncodings = 0;
			knownRegions = (
				en,
				Base,
			);
			mainGroup = 95B368A825BF2F6D0026EC88;
			productRefGroup = 95B368B225BF2F6D0026EC88 /* Products */;
			projectDirPath = "";
			projectRoot = "";
			targets = (
				95B368B025BF2F6D0026EC88 /* ble dome */,
			);
		};
/* End PBXProject section */

/* Begin PBXResourcesBuildPhase section */
		95B368AF25BF2F6D0026EC88 /* Resources */ = {
			isa = PBXResourcesBuildPhase;
			buildActionMask = 2147483647;
			files = (
				95B368BC25BF2F700026EC88 /* Preview Assets.xcassets in Resources */,
				95B368B925BF2F700026EC88 /* Assets.xcassets in Resources */,
			);
			runOnlyForDeploymentPostprocessing = 0;
		};
/* End PBXResourcesBuildPhase section */

/* Begin PBXSourcesBuildPhase section */
		95B368AD25BF2F6D0026EC88 /* Sources */ = {
			isa = PBXSourcesBuildPhase;
			buildActionMask = 2147483647;
			files = (
				9528A16B25D03DA500B51649 /* DetailTabView.swift in Sources */,
				9552407625CC54B100EA1011 /* PeripheralDetail.swift in Sources */,
				9552406A25CA9AB600EA1011 /* PeripheralRow.swift in Sources */,
				9552406725CA9AB100EA1011 /* BLEScanner.swift in Sources */,
				9552406425CA9AB100EA1011 /* BLEScannerList.swift in Sources */,
				95B368B525BF2F6D0026EC88 /* ble_domeApp.swift in Sources */,
				9552406625CA9AB100EA1011 /* ContentView.swift in Sources */,
			);
			runOnlyForDeploymentPostprocessing = 0;
		};
/* End PBXSourcesBuildPhase section */

/* Begin XCBuildConfiguration section */
		95B368BE25BF2F700026EC88 /* Debug */ = {
			isa = XCBuildConfiguration;
			buildSettings = {
				ALWAYS_SEARCH_USER_PATHS = NO;
				CLANG_ANALYZER_NONNULL = YES;
				CLANG_ANALYZER_NUMBER_OBJECT_CONVERSION = YES_AGGRESSIVE;
				CLANG_CXX_LANGUAGE_STANDARD = "gnu++14";
				CLANG_CXX_LIBRARY = "libc++";
				CLANG_ENABLE_MODULES = YES;
				CLANG_ENABLE_OBJC_ARC = YES;
				CLANG_ENABLE_OBJC_WEAK = YES;
				CLANG_WARN_BLOCK_CAPTURE_AUTORELEASING = YES;
				CLANG_WARN_BOOL_CONVERSION = YES;
				CLANG_WARN_COMMA = YES;
				CLANG_WARN_CONSTANT_CONVERSION = YES;
				CLANG_WARN_DEPRECATED_OBJC_IMPLEMENTATIONS = YES;
				CLANG_WARN_DIRECT_OBJC_ISA_USAGE = YES_ERROR;
				CLANG_WARN_DOCUMENTATION_COMMENTS = YES;
				CLANG_WARN_EMPTY_BODY = YES;
				CLANG_WARN_ENUM_CONVERSION = YES;
				CLANG_WARN_INFINITE_RECURSION = YES;
				CLANG_WARN_INT_CONVERSION = YES;
				CLANG_WARN_NON_LITERAL_NULL_CONVERSION = YES;
				CLANG_WARN_OBJC_IMPLICIT_RETAIN_SELF = YES;
				CLANG_WARN_OBJC_LITERAL_CONVERSION = YES;
				CLANG_WARN_OBJC_ROOT_CLASS = YES_ERROR;
				CLANG_WARN_QUOTED_INCLUDE_IN_FRAMEWORK_HEADER = YES;
				CLANG_WARN_RANGE_LOOP_ANALYSIS = YES;
				CLANG_WARN_STRICT_PROTOTYPES = YES;
				CLANG_WARN_SUSPICIOUS_MOVE = YES;
				CLANG_WARN_UNGUARDED_AVAILABILITY = YES_AGGRESSIVE;
				CLANG_WARN_UNREACHABLE_CODE = YES;
				CLANG_WARN__DUPLICATE_METHOD_MATCH = YES;
				COPY_PHASE_STRIP = NO;
				DEBUG_INFORMATION_FORMAT = dwarf;
				ENABLE_STRICT_OBJC_MSGSEND = YES;
				ENABLE_TESTABILITY = YES;
				GCC_C_LANGUAGE_STANDARD = gnu11;
				GCC_DYNAMIC_NO_PIC = NO;
				GCC_NO_COMMON_BLOCKS = YES;
				GCC_OPTIMIZATION_LEVEL = 0;
				GCC_PREPROCESSOR_DEFINITIONS = (
					"DEBUG=1",
					"$(inherited)",
				);
				GCC_WARN_64_TO_32_BIT_CONVERSION = YES;
				GCC_WARN_ABOUT_RETURN_TYPE = YES_ERROR;
				GCC_WARN_UNDECLARED_SELECTOR = YES;
				GCC_WARN_UNINITIALIZED_AUTOS = YES_AGGRESSIVE;
				GCC_WARN_UNUSED_FUNCTION = YES;
				GCC_WARN_UNUSED_VARIABLE = YES;
				IPHONEOS_DEPLOYMENT_TARGET = 14.3;
				MTL_ENABLE_DEBUG_INFO = INCLUDE_SOURCE;
				MTL_FAST_MATH = YES;
				ONLY_ACTIVE_ARCH = YES;
				SDKROOT = iphoneos;
				SWIFT_ACTIVE_COMPILATION_CONDITIONS = DEBUG;
				SWIFT_OPTIMIZATION_LEVEL = "-Onone";
			};
			name = Debug;
		};
		95B368BF25BF2F700026EC88 /* Release */ = {
			isa = XCBuildConfiguration;
			buildSettings = {
				ALWAYS_SEARCH_USER_PATHS = NO;
				CLANG_ANALYZER_NONNULL = YES;
				CLANG_ANALYZER_NUMBER_OBJECT_CONVERSION = YES_AGGRESSIVE;
				CLANG_CXX_LANGUAGE_STANDARD = "gnu++14";
				CLANG_CXX_LIBRARY = "libc++";
				CLANG_ENABLE_MODULES = YES;
				CLANG_ENABLE_OBJC_ARC = YES;
				CLANG_ENABLE_OBJC_WEAK = YES;
				CLANG_WARN_BLOCK_CAPTURE_AUTORELEASING = YES;
				CLANG_WARN_BOOL_CONVERSION = YES;
				CLANG_WARN_COMMA = YES;
				CLANG_WARN_CONSTANT_CONVERSION = YES;
				CLANG_WARN_DEPRECATED_OBJC_IMPLEMENTATIONS = YES;
				CLANG_WARN_DIRECT_OBJC_ISA_USAGE = YES_ERROR;
				CLANG_WARN_DOCUMENTATION_COMMENTS = YES;
				CLANG_WARN_EMPTY_BODY = YES;
				CLANG_WARN_ENUM_CONVERSION = YES;
				CLANG_WARN_INFINITE_RECURSION = YES;
				CLANG_WARN_INT_CONVERSION = YES;
				CLANG_WARN_NON_LITERAL_NULL_CONVERSION = YES;
				CLANG_WARN_OBJC_IMPLICIT_RETAIN_SELF = YES;
				CLANG_WARN_OBJC_LITERAL_CONVERSION = YES;
				CLANG_WARN_OBJC_ROOT_CLASS = YES_ERROR;
				CLANG_WARN_QUOTED_INCLUDE_IN_FRAMEWORK_HEADER = YES;
				CLANG_WARN_RANGE_LOOP_ANALYSIS = YES;
				CLANG_WARN_STRICT_PROTOTYPES = YES;
				CLANG_WARN_SUSPICIOUS_MOVE = YES;
				CLANG_WARN_UNGUARDED_AVAILABILITY = YES_AGGRESSIVE;
				CLANG_WARN_UNREACHABLE_CODE = YES;
				CLANG_WARN__DUPLICATE_METHOD_MATCH = YES;
				COPY_PHASE_STRIP = NO;
				DEBUG_INFORMATION_FORMAT = "dwarf-with-dsym";
				ENABLE_NS_ASSERTIONS = NO;
				ENABLE_STRICT_OBJC_MSGSEND = YES;
				GCC_C_LANGUAGE_STANDARD = gnu11;
				GCC_NO_COMMON_BLOCKS = YES;
				GCC_WARN_64_TO_32_BIT_CONVERSION = YES;
				GCC_WARN_ABOUT_RETURN_TYPE = YES_ERROR;
				GCC_WARN_UNDECLARED_SELECTOR = YES;
				GCC_WARN_UNINITIALIZED_AUTOS = YES_AGGRESSIVE;
				GCC_WARN_UNUSED_FUNCTION = YES;
				GCC_WARN_UNUSED_VARIABLE = YES;
				IPHONEOS_DEPLOYMENT_TARGET = 14.3;
				MTL_ENABLE_DEBUG_INFO = NO;
				MTL_FAST_MATH = YES;
				SDKROOT = iphoneos;
				SWIFT_COMPILATION_MODE = wholemodule;
				SWIFT_OPTIMIZATION_LEVEL = "-O";
				VALIDATE_PRODUCT = YES;
			};
			name = Release;
		};
		95B368C125BF2F700026EC88 /* Debug */ = {
			isa = XCBuildConfiguration;
			buildSettings = {
				ASSETCATALOG_COMPILER_APPICON_NAME = AppIcon;
				ASSETCATALOG_COMPILER_GLOBAL_ACCENT_COLOR_NAME = AccentColor;
				CODE_SIGN_STYLE = Automatic;
				DEVELOPMENT_ASSET_PATHS = "\"ble dome/Preview Content\"";
				DEVELOPMENT_TEAM = 5WL3YDHTDD;
				ENABLE_PREVIEWS = YES;
				INFOPLIST_FILE = "ble dome/Info.plist";
				IPHONEOS_DEPLOYMENT_TARGET = 14.0;
				LD_RUNPATH_SEARCH_PATHS = (
					"$(inherited)",
					"@executable_path/Frameworks",
				);
				PRODUCT_BUNDLE_IDENTIFIER = "hk.hongwal.ble-dome";
				PRODUCT_NAME = "$(TARGET_NAME)";
				SWIFT_VERSION = 5.0;
				TARGETED_DEVICE_FAMILY = "1,2";
			};
			name = Debug;
		};
		95B368C225BF2F700026EC88 /* Release */ = {
			isa = XCBuildConfiguration;
			buildSettings = {
				ASSETCATALOG_COMPILER_APPICON_NAME = AppIcon;
				ASSETCATALOG_COMPILER_GLOBAL_ACCENT_COLOR_NAME = AccentColor;
				CODE_SIGN_STYLE = Automatic;
				DEVELOPMENT_ASSET_PATHS = "\"ble dome/Preview Content\"";
				DEVELOPMENT_TEAM = 5WL3YDHTDD;
				ENABLE_PREVIEWS = YES;
				INFOPLIST_FILE = "ble dome/Info.plist";
				IPHONEOS_DEPLOYMENT_TARGET = 14.0;
				LD_RUNPATH_SEARCH_PATHS = (
					"$(inherited)",
					"@executable_path/Frameworks",
				);
				PRODUCT_BUNDLE_IDENTIFIER = "hk.hongwal.ble-dome";
				PRODUCT_NAME = "$(TARGET_NAME)";
				SWIFT_VERSION = 5.0;
				TARGETED_DEVICE_FAMILY = "1,2";
			};
			name = Release;
		};
/* End XCBuildConfiguration section */

/* Begin XCConfigurationList section */
		95B368AC25BF2F6D0026EC88 /* Build configuration list for PBXProject "ble dome" */ = {
			isa = XCConfigurationList;
			buildConfigurations = (
				95B368BE25BF2F700026EC88 /* Debug */,
				95B368BF25BF2F700026EC88 /* Release */,
			);
			defaultConfigurationIsVisible = 0;
			defaultConfigurationName = Release;
		};
		95B368C025BF2F700026EC88 /* Build configuration list for PBXNativeTarget "ble dome" */ = {
			isa = XCConfigurationList;
			buildConfigurations = (
				95B368C125BF2F700026EC88 /* Debug */,
				95B368C225BF2F700026EC88 /* Release */,
			);
			defaultConfigurationIsVisible = 0;
			defaultConfigurationName = Release;
		};
/* End XCConfigurationList section */
	};
	rootObject = 95B368A925BF2F6D0026EC88 /* Project object */;
}
